{
  "name": "taskflow-critical-policy-demo",
  "version": "1.0.0",
  "lockfileVersion": 3,
  "requires": true,
  "packages": {
    "": {
      "name": "taskflow-critical-policy-demo",
      "version": "1.0.0",
      "dependencies": {
        "praisonai": "1.7.1"
      }
    },
    "node_modules/praisonai": {
      "version": "1.7.1"
    }
  }
}

